
Microsoft Visual Studio Solution File, Format Version 12.00
# Visual Studio 15
VisualStudioVersion = 15.0.28010.2003
MinimumVisualStudioVersion = 10.0.40219.1
Project("{FAE04EC0-301F-11D3-BF4B-00C04F79EFBC}") = "EasyBotTest", "EasyBotTest\EasyBotTest.csproj", "{D83F620A-299B-430C-9D54-A617ECEDCF46}"
EndProject
Project("{FAE04EC0-301F-11D3-BF4B-00C04F79EFBC}") = "EasyBot", "..\project\EasyBot\EasyBot.csproj", "{5131EE90-7BDE-4235-B987-01C09D4DDAB5}"
EndProject
Global
	GlobalSection(SolutionConfigurationPlatforms) = preSolution
		Debug|Any CPU = Debug|Any CPU
		Release|Any CPU = Release|Any CPU
	EndGlobalSection
	GlobalSection(ProjectConfigurationPlatforms) = postSolution
		{D83F620A-299B-430C-9D54-A617ECEDCF46}.Debug|Any CPU.ActiveCfg = Debug|Any CPU
		{D83F620A-299B-430C-9D54-A617ECEDCF46}.Debug|Any CPU.Build.0 = Debug|Any CPU
		{D83F620A-299B-430C-9D54-A617ECEDCF46}.Release|Any CPU.ActiveCfg = Release|Any CPU
		{D83F620A-299B-430C-9D54-A617ECEDCF46}.Release|Any CPU.Build.0 = Release|Any CPU
		{5131EE90-7BDE-4235-B987-01C09D4DDAB5}.Debug|Any CPU.ActiveCfg = Debug|Any CPU
		{5131EE90-7BDE-4235-B987-01C09D4DDAB5}.Debug|Any CPU.Build.0 = Debug|Any CPU
		{5131EE90-7BDE-4235-B987-01C09D4DDAB5}.Release|Any CPU.ActiveCfg = Release|Any CPU
		{5131EE90-7BDE-4235-B987-01C09D4DDAB5}.Release|Any CPU.Build.0 = Release|Any CPU
	EndGlobalSection
	GlobalSection(SolutionProperties) = preSolution
		HideSolutionNode = FALSE
	EndGlobalSection
	GlobalSection(ExtensibilityGlobals) = postSolution
		SolutionGuid = {6DDFA459-8FBC-45F3-A31C-A98F16BE9313}
	EndGlobalSection
EndGlobal
